
Microsoft Visual Studio Solution File, Format Version 12.00
# Visual Studio Version 16
VisualStudioVersion = 16.0.28407.52
MinimumVisualStudioVersion = 10.0.40219.1
Project("{FAE04EC0-301F-11D3-BF4B-00C04F79EFBC}") = "Worldbuildr", "Worldbuildr\Worldbuildr.csproj", "{7B085E82-0095-4C24-8476-510C5A9F5FE7}"
EndProject
Global
	GlobalSection(SolutionConfigurationPlatforms) = preSolution
		Debug|Any CPU = Debug|Any CPU
		Release|Any CPU = Release|Any CPU
	EndGlobalSection
	GlobalSection(ProjectConfigurationPlatforms) = postSolution
		{7B085E82-0095-4C24-8476-510C5A9F5FE7}.Debug|Any CPU.ActiveCfg = Debug|Any CPU
		{7B085E82-0095-4C24-8476-510C5A9F5FE7}.Debug|Any CPU.Build.0 = Debug|Any CPU
		{7B085E82-0095-4C24-8476-510C5A9F5FE7}.Release|Any CPU.ActiveCfg = Release|Any CPU
		{7B085E82-0095-4C24-8476-510C5A9F5FE7}.Release|Any CPU.Build.0 = Release|Any CPU
	EndGlobalSection
	GlobalSection(SolutionProperties) = preSolution
		HideSolutionNode = FALSE
	EndGlobalSection
	GlobalSection(ExtensibilityGlobals) = postSolution
		SolutionGuid = {D412C918-446B-404E-B113-9C19DF14807D}
	EndGlobalSection
EndGlobal
